
Microsoft Visual Studio Solution File, Format Version 12.00
# Visual Studio 14
VisualStudioVersion = 14.0.25420.1
MinimumVisualStudioVersion = 10.0.40219.1
Project("{FAE04EC0-301F-11D3-BF4B-00C04F79EFBC}") = "Calculator", "Calculator\Calculator\Calculator.csproj", "{B128FDBF-1EDD-4B51-A1E7-45483090C655}"
EndProject
Project("{FAE04EC0-301F-11D3-BF4B-00C04F79EFBC}") = "Calculator.Droid", "Calculator\Calculator.Droid\Calculator.Droid.csproj", "{0319CB51-6130-48E0-A826-2E096824D7A5}"
EndProject
Project("{FAE04EC0-301F-11D3-BF4B-00C04F79EFBC}") = "Calculator.iOS", "Calculator\Calculator.iOS\Calculator.iOS.csproj", "{0D541400-C249-4C52-86A2-4766762B344F}"
EndProject
Project("{FAE04EC0-301F-11D3-BF4B-00C04F79EFBC}") = "Calculator.WinPhone", "Calculator\Calculator.WinPhone\Calculator.WinPhone.csproj", "{DAB76316-0E0E-47ED-B8A1-F9A73E0D99C7}"
EndProject
Project("{FAE04EC0-301F-11D3-BF4B-00C04F79EFBC}") = "Calculator.UWP", "Calculator\Calculator.UWP\Calculator.UWP.csproj", "{ADBBD971-7727-4463-B010-CC0456E043E5}"
EndProject
Project("{FAE04EC0-301F-11D3-BF4B-00C04F79EFBC}") = "Calculator.Windows", "Calculator\Calculator.Windows\Calculator.Windows.csproj", "{FD350577-F618-4A65-A625-868E1A31DD05}"
EndProject
Global
	GlobalSection(SolutionConfigurationPlatforms) = preSolution
		Ad-Hoc|Any CPU = Ad-Hoc|Any CPU
		Ad-Hoc|ARM = Ad-Hoc|ARM
		Ad-Hoc|iPhone = Ad-Hoc|iPhone
		Ad-Hoc|iPhoneSimulator = Ad-Hoc|iPhoneSimulator
		Ad-Hoc|x64 = Ad-Hoc|x64
		Ad-Hoc|x86 = Ad-Hoc|x86
		AppStore|Any CPU = AppStore|Any CPU
		AppStore|ARM = AppStore|ARM
		AppStore|iPhone = AppStore|iPhone
		AppStore|iPhoneSimulator = AppStore|iPhoneSimulator
		AppStore|x64 = AppStore|x64
		AppStore|x86 = AppStore|x86
		Debug|Any CPU = Debug|Any CPU
		Debug|ARM = Debug|ARM
		Debug|iPhone = Debug|iPhone
		Debug|iPhoneSimulator = Debug|iPhoneSimulator
		Debug|x64 = Debug|x64
		Debug|x86 = Debug|x86
		Release|Any CPU = Release|Any CPU
		Release|ARM = Release|ARM
		Release|iPhone = Release|iPhone
		Release|iPhoneSimulator = Release|iPhoneSimulator
		Release|x64 = Release|x64
		Release|x86 = Release|x86
	EndGlobalSection
	GlobalSection(ProjectConfigurationPlatforms) = postSolution
		{B128FDBF-1EDD-4B51-A1E7-45483090C655}.Ad-Hoc|Any CPU.ActiveCfg = Release|Any CPU
		{B128FDBF-1EDD-4B51-A1E7-45483090C655}.Ad-Hoc|Any CPU.Build.0 = Release|Any CPU
		{B128FDBF-1EDD-4B51-A1E7-45483090C655}.Ad-Hoc|ARM.ActiveCfg = Release|Any CPU
		{B128FDBF-1EDD-4B51-A1E7-45483090C655}.Ad-Hoc|ARM.Build.0 = Release|Any CPU
		{B128FDBF-1EDD-4B51-A1E7-45483090C655}.Ad-Hoc|iPhone.ActiveCfg = Release|Any CPU
		{B128FDBF-1EDD-4B51-A1E7-45483090C655}.Ad-Hoc|iPhone.Build.0 = Release|Any CPU
		{B128FDBF-1EDD-4B51-A1E7-45483090C655}.Ad-Hoc|iPhoneSimulator.ActiveCfg = Release|Any CPU
		{B128FDBF-1EDD-4B51-A1E7-45483090C655}.Ad-Hoc|iPhoneSimulator.Build.0 = Release|Any CPU
		{B128FDBF-1EDD-4B51-A1E7-45483090C655}.Ad-Hoc|x64.ActiveCfg = Release|Any CPU
		{B128FDBF-1EDD-4B51-A1E7-45483090C655}.Ad-Hoc|x64.Build.0 = Release|Any CPU
		{B128FDBF-1EDD-4B51-A1E7-45483090C655}.Ad-Hoc|x86.ActiveCfg = Release|Any CPU
		{B128FDBF-1EDD-4B51-A1E7-45483090C655}.Ad-Hoc|x86.Build.0 = Release|Any CPU
		{B128FDBF-1EDD-4B51-A1E7-45483090C655}.AppStore|Any CPU.ActiveCfg = Release|Any CPU
		{B128FDBF-1EDD-4B51-A1E7-45483090C655}.AppStore|Any CPU.Build.0 = Release|Any CPU
		{B128FDBF-1EDD-4B51-A1E7-45483090C655}.AppStore|ARM.ActiveCfg = Release|Any CPU
		{B128FDBF-1EDD-4B51-A1E7-45483090C655}.AppStore|ARM.Build.0 = Release|Any CPU
		{B128FDBF-1EDD-4B51-A1E7-45483090C655}.AppStore|iPhone.ActiveCfg = Release|Any CPU
		{B128FDBF-1EDD-4B51-A1E7-45483090C655}.AppStore|iPhone.Build.0 = Release|Any CPU
		{B128FDBF-1EDD-4B51-A1E7-45483090C655}.AppStore|iPhoneSimulator.ActiveCfg = Release|Any CPU
		{B128FDBF-1EDD-4B51-A1E7-45483090C655}.AppStore|iPhoneSimulator.Build.0 = Release|Any CPU
		{B128FDBF-1EDD-4B51-A1E7-45483090C655}.AppStore|x64.ActiveCfg = Release|Any CPU
		{B128FDBF-1EDD-4B51-A1E7-45483090C655}.AppStore|x64.Build.0 = Release|Any CPU
		{B128FDBF-1EDD-4B51-A1E7-45483090C655}.AppStore|x86.ActiveCfg = Release|Any CPU
		{B128FDBF-1EDD-4B51-A1E7-45483090C655}.AppStore|x86.Build.0 = Release|Any CPU
		{B128FDBF-1EDD-4B51-A1E7-45483090C655}.Debug|Any CPU.ActiveCfg = Debug|Any CPU
		{B128FDBF-1EDD-4B51-A1E7-45483090C655}.Debug|Any CPU.Build.0 = Debug|Any CPU
		{B128FDBF-1EDD-4B51-A1E7-45483090C655}.Debug|ARM.ActiveCfg = Debug|Any CPU
		{B128FDBF-1EDD-4B51-A1E7-45483090C655}.Debug|ARM.Build.0 = Debug|Any CPU
		{B128FDBF-1EDD-4B51-A1E7-45483090C655}.Debug|iPhone.ActiveCfg = Debug|Any CPU
		{B128FDBF-1EDD-4B51-A1E7-45483090C655}.Debug|iPhone.Build.0 = Debug|Any CPU
		{B128FDBF-1EDD-4B51-A1E7-45483090C655}.Debug|iPhoneSimulator.ActiveCfg = Debug|Any CPU
		{B128FDBF-1EDD-4B51-A1E7-45483090C655}.Debug|iPhoneSimulator.Build.0 = Debug|Any CPU
		{B128FDBF-1EDD-4B51-A1E7-45483090C655}.Debug|x64.ActiveCfg = Debug|Any CPU
		{B128FDBF-1EDD-4B51-A1E7-45483090C655}.Debug|x64.Build.0 = Debug|Any CPU
		{B128FDBF-1EDD-4B51-A1E7-45483090C655}.Debug|x86.ActiveCfg = Debug|Any CPU
		{B128FDBF-1EDD-4B51-A1E7-45483090C655}.Debug|x86.Build.0 = Debug|Any CPU
		{B128FDBF-1EDD-4B51-A1E7-45483090C655}.Release|Any CPU.ActiveCfg = Release|Any CPU
		{B128FDBF-1EDD-4B51-A1E7-45483090C655}.Release|Any CPU.Build.0 = Release|Any CPU
		{B128FDBF-1EDD-4B51-A1E7-45483090C655}.Release|ARM.ActiveCfg = Release|Any CPU
		{B128FDBF-1EDD-4B51-A1E7-45483090C655}.Release|ARM.Build.0 = Release|Any CPU
		{B128FDBF-1EDD-4B51-A1E7-45483090C655}.Release|iPhone.ActiveCfg = Release|Any CPU
		{B128FDBF-1EDD-4B51-A1E7-45483090C655}.Release|iPhone.Build.0 = Release|Any CPU
		{B128FDBF-1EDD-4B51-A1E7-45483090C655}.Release|iPhoneSimulator.ActiveCfg = Release|Any CPU
		{B128FDBF-1EDD-4B51-A1E7-45483090C655}.Release|iPhoneSimulator.Build.0 = Release|Any CPU
		{B128FDBF-1EDD-4B51-A1E7-45483090C655}.Release|x64.ActiveCfg = Release|Any CPU
		{B128FDBF-1EDD-4B51-A1E7-45483090C655}.Release|x64.Build.0 = Release|Any CPU
		{B128FDBF-1EDD-4B51-A1E7-45483090C655}.Release|x86.ActiveCfg = Release|Any CPU
		{B128FDBF-1EDD-4B51-A1E7-45483090C655}.Release|x86.Build.0 = Release|Any CPU
		{0319CB51-6130-48E0-A826-2E096824D7A5}.Ad-Hoc|Any CPU.ActiveCfg = Release|Any CPU
		{0319CB51-6130-48E0-A826-2E096824D7A5}.Ad-Hoc|Any CPU.Build.0 = Release|Any CPU
		{0319CB51-6130-48E0-A826-2E096824D7A5}.Ad-Hoc|Any CPU.Deploy.0 = Release|Any CPU
		{0319CB51-6130-48E0-A826-2E096824D7A5}.Ad-Hoc|ARM.ActiveCfg = Release|Any CPU
		{0319CB51-6130-48E0-A826-2E096824D7A5}.Ad-Hoc|ARM.Build.0 = Release|Any CPU
		{0319CB51-6130-48E0-A826-2E096824D7A5}.Ad-Hoc|ARM.Deploy.0 = Release|Any CPU
		{0319CB51-6130-48E0-A826-2E096824D7A5}.Ad-Hoc|iPhone.ActiveCfg = Release|Any CPU
		{0319CB51-6130-48E0-A826-2E096824D7A5}.Ad-Hoc|iPhone.Build.0 = Release|Any CPU
		{0319CB51-6130-48E0-A826-2E096824D7A5}.Ad-Hoc|iPhone.Deploy.0 = Release|Any CPU
		{0319CB51-6130-48E0-A826-2E096824D7A5}.Ad-Hoc|iPhoneSimulator.ActiveCfg = Release|Any CPU
		{0319CB51-6130-48E0-A826-2E096824D7A5}.Ad-Hoc|iPhoneSimulator.Build.0 = Release|Any CPU
		{0319CB51-6130-48E0-A826-2E096824D7A5}.Ad-Hoc|iPhoneSimulator.Deploy.0 = Release|Any CPU
		{0319CB51-6130-48E0-A826-2E096824D7A5}.Ad-Hoc|x64.ActiveCfg = Release|Any CPU
		{0319CB51-6130-48E0-A826-2E096824D7A5}.Ad-Hoc|x64.Build.0 = Release|Any CPU
		{0319CB51-6130-48E0-A826-2E096824D7A5}.Ad-Hoc|x64.Deploy.0 = Release|Any CPU
		{0319CB51-6130-48E0-A826-2E096824D7A5}.Ad-Hoc|x86.ActiveCfg = Release|Any CPU
		{0319CB51-6130-48E0-A826-2E096824D7A5}.Ad-Hoc|x86.Build.0 = Release|Any CPU
		{0319CB51-6130-48E0-A826-2E096824D7A5}.Ad-Hoc|x86.Deploy.0 = Release|Any CPU
		{0319CB51-6130-48E0-A826-2E096824D7A5}.AppStore|Any CPU.ActiveCfg = Release|Any CPU
		{0319CB51-6130-48E0-A826-2E096824D7A5}.AppStore|Any CPU.Build.0 = Release|Any CPU
		{0319CB51-6130-48E0-A826-2E096824D7A5}.AppStore|Any CPU.Deploy.0 = Release|Any CPU
		{0319CB51-6130-48E0-A826-2E096824D7A5}.AppStore|ARM.ActiveCfg = Release|Any CPU
		{0319CB51-6130-48E0-A826-2E096824D7A5}.AppStore|ARM.Build.0 = Release|Any CPU
		{0319CB51-6130-48E0-A826-2E096824D7A5}.AppStore|ARM.Deploy.0 = Release|Any CPU
		{0319CB51-6130-48E0-A826-2E096824D7A5}.AppStore|iPhone.ActiveCfg = Release|Any CPU
		{0319CB51-6130-48E0-A826-2E096824D7A5}.AppStore|iPhone.Build.0 = Release|Any CPU
		{0319CB51-6130-48E0-A826-2E096824D7A5}.AppStore|iPhone.Deploy.0 = Release|Any CPU
		{0319CB51-6130-48E0-A826-2E096824D7A5}.AppStore|iPhoneSimulator.ActiveCfg = Release|Any CPU
		{0319CB51-6130-48E0-A826-2E096824D7A5}.AppStore|iPhoneSimulator.Build.0 = Release|Any CPU
		{0319CB51-6130-48E0-A826-2E096824D7A5}.AppStore|iPhoneSimulator.Deploy.0 = Release|Any CPU
		{0319CB51-6130-48E0-A826-2E096824D7A5}.AppStore|x64.ActiveCfg = Release|Any CPU
		{0319CB51-6130-48E0-A826-2E096824D7A5}.AppStore|x64.Build.0 = Release|Any CPU
		{0319CB51-6130-48E0-A826-2E096824D7A5}.AppStore|x64.Deploy.0 = Release|Any CPU
		{0319CB51-6130-48E0-A826-2E096824D7A5}.AppStore|x86.ActiveCfg = Release|Any CPU
		{0319CB51-6130-48E0-A826-2E096824D7A5}.AppStore|x86.Build.0 = Release|Any CPU
		{0319CB51-6130-48E0-A826-2E096824D7A5}.AppStore|x86.Deploy.0 = Release|Any CPU
		{0319CB51-6130-48E0-A826-2E096824D7A5}.Debug|Any CPU.ActiveCfg = Debug|Any CPU
		{0319CB51-6130-48E0-A826-2E096824D7A5}.Debug|Any CPU.Build.0 = Debug|Any CPU
		{0319CB51-6130-48E0-A826-2E096824D7A5}.Debug|Any CPU.Deploy.0 = Debug|Any CPU
		{0319CB51-6130-48E0-A826-2E096824D7A5}.Debug|ARM.ActiveCfg = Debug|Any CPU
		{0319CB51-6130-48E0-A826-2E096824D7A5}.Debug|ARM.Build.0 = Debug|Any CPU
		{0319CB51-6130-48E0-A826-2E096824D7A5}.Debug|ARM.Deploy.0 = Debug|Any CPU
		{0319CB51-6130-48E0-A826-2E096824D7A5}.Debug|iPhone.ActiveCfg = Debug|Any CPU
		{0319CB51-6130-48E0-A826-2E096824D7A5}.Debug|iPhone.Build.0 = Debug|Any CPU
		{0319CB51-6130-48E0-A826-2E096824D7A5}.Debug|iPhone.Deploy.0 = Debug|Any CPU
		{0319CB51-6130-48E0-A826-2E096824D7A5}.Debug|iPhoneSimulator.ActiveCfg = Debug|Any CPU
		{0319CB51-6130-48E0-A826-2E096824D7A5}.Debug|iPhoneSimulator.Build.0 = Debug|Any CPU
		{0319CB51-6130-48E0-A826-2E096824D7A5}.Debug|iPhoneSimulator.Deploy.0 = Debug|Any CPU
		{0319CB51-6130-48E0-A826-2E096824D7A5}.Debug|x64.ActiveCfg = Debug|Any CPU
		{0319CB51-6130-48E0-A826-2E096824D7A5}.Debug|x64.Build.0 = Debug|Any CPU
		{0319CB51-6130-48E0-A826-2E096824D7A5}.Debug|x64.Deploy.0 = Debug|Any CPU
		{0319CB51-6130-48E0-A826-2E096824D7A5}.Debug|x86.ActiveCfg = Debug|Any CPU
		{0319CB51-6130-48E0-A826-2E096824D7A5}.Debug|x86.Build.0 = Debug|Any CPU
		{0319CB51-6130-48E0-A826-2E096824D7A5}.Debug|x86.Deploy.0 = Debug|Any CPU
		{0319CB51-6130-48E0-A826-2E096824D7A5}.Release|Any CPU.ActiveCfg = Release|Any CPU
		{0319CB51-6130-48E0-A826-2E096824D7A5}.Release|Any CPU.Build.0 = Release|Any CPU
		{0319CB51-6130-48E0-A826-2E096824D7A5}.Release|Any CPU.Deploy.0 = Release|Any CPU
		{0319CB51-6130-48E0-A826-2E096824D7A5}.Release|ARM.ActiveCfg = Release|Any CPU
		{0319CB51-6130-48E0-A826-2E096824D7A5}.Release|ARM.Build.0 = Release|Any CPU
		{0319CB51-6130-48E0-A826-2E096824D7A5}.Release|ARM.Deploy.0 = Release|Any CPU
		{0319CB51-6130-48E0-A826-2E096824D7A5}.Release|iPhone.ActiveCfg = Release|Any CPU
		{0319CB51-6130-48E0-A826-2E096824D7A5}.Release|iPhone.Build.0 = Release|Any CPU
		{0319CB51-6130-48E0-A826-2E096824D7A5}.Release|iPhone.Deploy.0 = Release|Any CPU
		{0319CB51-6130-48E0-A826-2E096824D7A5}.Release|iPhoneSimulator.ActiveCfg = Release|Any CPU
		{0319CB51-6130-48E0-A826-2E096824D7A5}.Release|iPhoneSimulator.Build.0 = Release|Any CPU
		{0319CB51-6130-48E0-A826-2E096824D7A5}.Release|iPhoneSimulator.Deploy.0 = Release|Any CPU
		{0319CB51-6130-48E0-A826-2E096824D7A5}.Release|x64.ActiveCfg = Release|Any CPU
		{0319CB51-6130-48E0-A826-2E096824D7A5}.Release|x64.Build.0 = Release|Any CPU
		{0319CB51-6130-48E0-A826-2E096824D7A5}.Release|x64.Deploy.0 = Release|Any CPU
		{0319CB51-6130-48E0-A826-2E096824D7A5}.Release|x86.ActiveCfg = Release|Any CPU
		{0319CB51-6130-48E0-A826-2E096824D7A5}.Release|x86.Build.0 = Release|Any CPU
		{0319CB51-6130-48E0-A826-2E096824D7A5}.Release|x86.Deploy.0 = Release|Any CPU
		{0D541400-C249-4C52-86A2-4766762B344F}.Ad-Hoc|Any CPU.ActiveCfg = Ad-Hoc|iPhone
		{0D541400-C249-4C52-86A2-4766762B344F}.Ad-Hoc|ARM.ActiveCfg = Ad-Hoc|iPhone
		{0D541400-C249-4C52-86A2-4766762B344F}.Ad-Hoc|iPhone.ActiveCfg = Ad-Hoc|iPhone
		{0D541400-C249-4C52-86A2-4766762B344F}.Ad-Hoc|iPhone.Build.0 = Ad-Hoc|iPhone
		{0D541400-C249-4C52-86A2-4766762B344F}.Ad-Hoc|iPhoneSimulator.ActiveCfg = Ad-Hoc|iPhoneSimulator
		{0D541400-C249-4C52-86A2-4766762B344F}.Ad-Hoc|iPhoneSimulator.Build.0 = Ad-Hoc|iPhoneSimulator
		{0D541400-C249-4C52-86A2-4766762B344F}.Ad-Hoc|x64.ActiveCfg = Ad-Hoc|iPhone
		{0D541400-C249-4C52-86A2-4766762B344F}.Ad-Hoc|x86.ActiveCfg = Ad-Hoc|iPhone
		{0D541400-C249-4C52-86A2-4766762B344F}.AppStore|Any CPU.ActiveCfg = AppStore|iPhone
		{0D541400-C249-4C52-86A2-4766762B344F}.AppStore|ARM.ActiveCfg = AppStore|iPhone
		{0D541400-C249-4C52-86A2-4766762B344F}.AppStore|iPhone.ActiveCfg = AppStore|iPhone
		{0D541400-C249-4C52-86A2-4766762B344F}.AppStore|iPhone.Build.0 = AppStore|iPhone
		{0D541400-C249-4C52-86A2-4766762B344F}.AppStore|iPhoneSimulator.ActiveCfg = AppStore|iPhoneSimulator
		{0D541400-C249-4C52-86A2-4766762B344F}.AppStore|iPhoneSimulator.Build.0 = AppStore|iPhoneSimulator
		{0D541400-C249-4C52-86A2-4766762B344F}.AppStore|x64.ActiveCfg = AppStore|iPhone
		{0D541400-C249-4C52-86A2-4766762B344F}.AppStore|x86.ActiveCfg = AppStore|iPhone
		{0D541400-C249-4C52-86A2-4766762B344F}.Debug|Any CPU.ActiveCfg = Debug|iPhone
		{0D541400-C249-4C52-86A2-4766762B344F}.Debug|ARM.ActiveCfg = Debug|iPhone
		{0D541400-C249-4C52-86A2-4766762B344F}.Debug|iPhone.ActiveCfg = Debug|iPhone
		{0D541400-C249-4C52-86A2-4766762B344F}.Debug|iPhone.Build.0 = Debug|iPhone
		{0D541400-C249-4C52-86A2-4766762B344F}.Debug|iPhoneSimulator.ActiveCfg = Debug|iPhoneSimulator
		{0D541400-C249-4C52-86A2-4766762B344F}.Debug|iPhoneSimulator.Build.0 = Debug|iPhoneSimulator
		{0D541400-C249-4C52-86A2-4766762B344F}.Debug|x64.ActiveCfg = Debug|iPhone
		{0D541400-C249-4C52-86A2-4766762B344F}.Debug|x86.ActiveCfg = Debug|iPhone
		{0D541400-C249-4C52-86A2-4766762B344F}.Release|Any CPU.ActiveCfg = Release|iPhone
		{0D541400-C249-4C52-86A2-4766762B344F}.Release|ARM.ActiveCfg = Release|iPhone
		{0D541400-C249-4C52-86A2-4766762B344F}.Release|iPhone.ActiveCfg = Release|iPhone
		{0D541400-C249-4C52-86A2-4766762B344F}.Release|iPhone.Build.0 = Release|iPhone
		{0D541400-C249-4C52-86A2-4766762B344F}.Release|iPhoneSimulator.ActiveCfg = Release|iPhoneSimulator
		{0D541400-C249-4C52-86A2-4766762B344F}.Release|iPhoneSimulator.Build.0 = Release|iPhoneSimulator
		{0D541400-C249-4C52-86A2-4766762B344F}.Release|x64.ActiveCfg = Release|iPhone
		{0D541400-C249-4C52-86A2-4766762B344F}.Release|x86.ActiveCfg = Release|iPhone
		{DAB76316-0E0E-47ED-B8A1-F9A73E0D99C7}.Ad-Hoc|Any CPU.ActiveCfg = Release|Any CPU
		{DAB76316-0E0E-47ED-B8A1-F9A73E0D99C7}.Ad-Hoc|Any CPU.Build.0 = Release|Any CPU
		{DAB76316-0E0E-47ED-B8A1-F9A73E0D99C7}.Ad-Hoc|Any CPU.Deploy.0 = Release|Any CPU
		{DAB76316-0E0E-47ED-B8A1-F9A73E0D99C7}.Ad-Hoc|ARM.ActiveCfg = Release|ARM
		{DAB76316-0E0E-47ED-B8A1-F9A73E0D99C7}.Ad-Hoc|ARM.Build.0 = Release|ARM
		{DAB76316-0E0E-47ED-B8A1-F9A73E0D99C7}.Ad-Hoc|ARM.Deploy.0 = Release|ARM
		{DAB76316-0E0E-47ED-B8A1-F9A73E0D99C7}.Ad-Hoc|iPhone.ActiveCfg = Release|Any CPU
		{DAB76316-0E0E-47ED-B8A1-F9A73E0D99C7}.Ad-Hoc|iPhone.Build.0 = Release|Any CPU
		{DAB76316-0E0E-47ED-B8A1-F9A73E0D99C7}.Ad-Hoc|iPhone.Deploy.0 = Release|Any CPU
		{DAB76316-0E0E-47ED-B8A1-F9A73E0D99C7}.Ad-Hoc|iPhoneSimulator.ActiveCfg = Release|Any CPU
		{DAB76316-0E0E-47ED-B8A1-F9A73E0D99C7}.Ad-Hoc|iPhoneSimulator.Build.0 = Release|Any CPU
		{DAB76316-0E0E-47ED-B8A1-F9A73E0D99C7}.Ad-Hoc|iPhoneSimulator.Deploy.0 = Release|Any CPU
		{DAB76316-0E0E-47ED-B8A1-F9A73E0D99C7}.Ad-Hoc|x64.ActiveCfg = Release|Any CPU
		{DAB76316-0E0E-47ED-B8A1-F9A73E0D99C7}.Ad-Hoc|x64.Build.0 = Release|Any CPU
		{DAB76316-0E0E-47ED-B8A1-F9A73E0D99C7}.Ad-Hoc|x64.Deploy.0 = Release|Any CPU
		{DAB76316-0E0E-47ED-B8A1-F9A73E0D99C7}.Ad-Hoc|x86.ActiveCfg = Release|x86
		{DAB76316-0E0E-47ED-B8A1-F9A73E0D99C7}.Ad-Hoc|x86.Build.0 = Release|x86
		{DAB76316-0E0E-47ED-B8A1-F9A73E0D99C7}.Ad-Hoc|x86.Deploy.0 = Release|x86
		{DAB76316-0E0E-47ED-B8A1-F9A73E0D99C7}.AppStore|Any CPU.ActiveCfg = Release|Any CPU
		{DAB76316-0E0E-47ED-B8A1-F9A73E0D99C7}.AppStore|Any CPU.Build.0 = Release|Any CPU
		{DAB76316-0E0E-47ED-B8A1-F9A73E0D99C7}.AppStore|Any CPU.Deploy.0 = Release|Any CPU
		{DAB76316-0E0E-47ED-B8A1-F9A73E0D99C7}.AppStore|ARM.ActiveCfg = Release|ARM
		{DAB76316-0E0E-47ED-B8A1-F9A73E0D99C7}.AppStore|ARM.Build.0 = Release|ARM
		{DAB76316-0E0E-47ED-B8A1-F9A73E0D99C7}.AppStore|ARM.Deploy.0 = Release|ARM
		{DAB76316-0E0E-47ED-B8A1-F9A73E0D99C7}.AppStore|iPhone.ActiveCfg = Release|Any CPU
		{DAB76316-0E0E-47ED-B8A1-F9A73E0D99C7}.AppStore|iPhone.Build.0 = Release|Any CPU
		{DAB76316-0E0E-47ED-B8A1-F9A73E0D99C7}.AppStore|iPhone.Deploy.0 = Release|Any CPU
		{DAB76316-0E0E-47ED-B8A1-F9A73E0D99C7}.AppStore|iPhoneSimulator.ActiveCfg = Release|Any CPU
		{DAB76316-0E0E-47ED-B8A1-F9A73E0D99C7}.AppStore|iPhoneSimulator.Build.0 = Release|Any CPU
		{DAB76316-0E0E-47ED-B8A1-F9A73E0D99C7}.AppStore|iPhoneSimulator.Deploy.0 = Release|Any CPU
		{DAB76316-0E0E-47ED-B8A1-F9A73E0D99C7}.AppStore|x64.ActiveCfg = Release|Any CPU
		{DAB76316-0E0E-47ED-B8A1-F9A73E0D99C7}.AppStore|x64.Build.0 = Release|Any CPU
		{DAB76316-0E0E-47ED-B8A1-F9A73E0D99C7}.AppStore|x64.Deploy.0 = Release|Any CPU
		{DAB76316-0E0E-47ED-B8A1-F9A73E0D99C7}.AppStore|x86.ActiveCfg = Release|x86
		{DAB76316-0E0E-47ED-B8A1-F9A73E0D99C7}.AppStore|x86.Build.0 = Release|x86
		{DAB76316-0E0E-47ED-B8A1-F9A73E0D99C7}.AppStore|x86.Deploy.0 = Release|x86
		{DAB76316-0E0E-47ED-B8A1-F9A73E0D99C7}.Debug|Any CPU.ActiveCfg = Debug|Any CPU
		{DAB76316-0E0E-47ED-B8A1-F9A73E0D99C7}.Debug|Any CPU.Build.0 = Debug|Any CPU
		{DAB76316-0E0E-47ED-B8A1-F9A73E0D99C7}.Debug|Any CPU.Deploy.0 = Debug|Any CPU
		{DAB76316-0E0E-47ED-B8A1-F9A73E0D99C7}.Debug|ARM.ActiveCfg = Debug|ARM
		{DAB76316-0E0E-47ED-B8A1-F9A73E0D99C7}.Debug|ARM.Build.0 = Debug|ARM
		{DAB76316-0E0E-47ED-B8A1-F9A73E0D99C7}.Debug|ARM.Deploy.0 = Debug|ARM
		{DAB76316-0E0E-47ED-B8A1-F9A73E0D99C7}.Debug|iPhone.ActiveCfg = Debug|Any CPU
		{DAB76316-0E0E-47ED-B8A1-F9A73E0D99C7}.Debug|iPhone.Build.0 = Debug|Any CPU
		{DAB76316-0E0E-47ED-B8A1-F9A73E0D99C7}.Debug|iPhone.Deploy.0 = Debug|Any CPU
		{DAB76316-0E0E-47ED-B8A1-F9A73E0D99C7}.Debug|iPhoneSimulator.ActiveCfg = Debug|Any CPU
		{DAB76316-0E0E-47ED-B8A1-F9A73E0D99C7}.Debug|iPhoneSimulator.Build.0 = Debug|Any CPU
		{DAB76316-0E0E-47ED-B8A1-F9A73E0D99C7}.Debug|iPhoneSimulator.Deploy.0 = Debug|Any CPU
		{DAB76316-0E0E-47ED-B8A1-F9A73E0D99C7}.Debug|x64.ActiveCfg = Debug|Any CPU
		{DAB76316-0E0E-47ED-B8A1-F9A73E0D99C7}.Debug|x64.Build.0 = Debug|Any CPU
		{DAB76316-0E0E-47ED-B8A1-F9A73E0D99C7}.Debug|x64.Deploy.0 = Debug|Any CPU
		{DAB76316-0E0E-47ED-B8A1-F9A73E0D99C7}.Debug|x86.ActiveCfg = Debug|x86
		{DAB76316-0E0E-47ED-B8A1-F9A73E0D99C7}.Debug|x86.Build.0 = Debug|x86
		{DAB76316-0E0E-47ED-B8A1-F9A73E0D99C7}.Debug|x86.Deploy.0 = Debug|x86
		{DAB76316-0E0E-47ED-B8A1-F9A73E0D99C7}.Release|Any CPU.ActiveCfg = Release|Any CPU
		{DAB76316-0E0E-47ED-B8A1-F9A73E0D99C7}.Release|Any CPU.Build.0 = Release|Any CPU
		{DAB76316-0E0E-47ED-B8A1-F9A73E0D99C7}.Release|Any CPU.Deploy.0 = Release|Any CPU
		{DAB76316-0E0E-47ED-B8A1-F9A73E0D99C7}.Release|ARM.ActiveCfg = Release|ARM
		{DAB76316-0E0E-47ED-B8A1-F9A73E0D99C7}.Release|ARM.Build.0 = Release|ARM
		{DAB76316-0E0E-47ED-B8A1-F9A73E0D99C7}.Release|ARM.Deploy.0 = Release|ARM
		{DAB76316-0E0E-47ED-B8A1-F9A73E0D99C7}.Release|iPhone.ActiveCfg = Release|Any CPU
		{DAB76316-0E0E-47ED-B8A1-F9A73E0D99C7}.Release|iPhone.Build.0 = Release|Any CPU
		{DAB76316-0E0E-47ED-B8A1-F9A73E0D99C7}.Release|iPhone.Deploy.0 = Release|Any CPU
		{DAB76316-0E0E-47ED-B8A1-F9A73E0D99C7}.Release|iPhoneSimulator.ActiveCfg = Release|Any CPU
		{DAB76316-0E0E-47ED-B8A1-F9A73E0D99C7}.Release|iPhoneSimulator.Build.0 = Release|Any CPU
		{DAB76316-0E0E-47ED-B8A1-F9A73E0D99C7}.Release|iPhoneSimulator.Deploy.0 = Release|Any CPU
		{DAB76316-0E0E-47ED-B8A1-F9A73E0D99C7}.Release|x64.ActiveCfg = Release|Any CPU
		{DAB76316-0E0E-47ED-B8A1-F9A73E0D99C7}.Release|x64.Build.0 = Release|Any CPU
		{DAB76316-0E0E-47ED-B8A1-F9A73E0D99C7}.Release|x64.Deploy.0 = Release|Any CPU
		{DAB76316-0E0E-47ED-B8A1-F9A73E0D99C7}.Release|x86.ActiveCfg = Release|x86
		{DAB76316-0E0E-47ED-B8A1-F9A73E0D99C7}.Release|x86.Build.0 = Release|x86
		{DAB76316-0E0E-47ED-B8A1-F9A73E0D99C7}.Release|x86.Deploy.0 = Release|x86
		{ADBBD971-7727-4463-B010-CC0456E043E5}.Ad-Hoc|Any CPU.ActiveCfg = Release|x86
		{ADBBD971-7727-4463-B010-CC0456E043E5}.Ad-Hoc|Any CPU.Build.0 = Release|x86
		{ADBBD971-7727-4463-B010-CC0456E043E5}.Ad-Hoc|Any CPU.Deploy.0 = Release|x86
		{ADBBD971-7727-4463-B010-CC0456E043E5}.Ad-Hoc|ARM.ActiveCfg = Release|ARM
		{ADBBD971-7727-4463-B010-CC0456E043E5}.Ad-Hoc|ARM.Build.0 = Release|ARM
		{ADBBD971-7727-4463-B010-CC0456E043E5}.Ad-Hoc|ARM.Deploy.0 = Release|ARM
		{ADBBD971-7727-4463-B010-CC0456E043E5}.Ad-Hoc|iPhone.ActiveCfg = Release|x86
		{ADBBD971-7727-4463-B010-CC0456E043E5}.Ad-Hoc|iPhone.Build.0 = Release|x86
		{ADBBD971-7727-4463-B010-CC0456E043E5}.Ad-Hoc|iPhone.Deploy.0 = Release|x86
		{ADBBD971-7727-4463-B010-CC0456E043E5}.Ad-Hoc|iPhoneSimulator.ActiveCfg = Release|x86
		{ADBBD971-7727-4463-B010-CC0456E043E5}.Ad-Hoc|iPhoneSimulator.Build.0 = Release|x86
		{ADBBD971-7727-4463-B010-CC0456E043E5}.Ad-Hoc|iPhoneSimulator.Deploy.0 = Release|x86
		{ADBBD971-7727-4463-B010-CC0456E043E5}.Ad-Hoc|x64.ActiveCfg = Release|x64
		{ADBBD971-7727-4463-B010-CC0456E043E5}.Ad-Hoc|x64.Build.0 = Release|x64
		{ADBBD971-7727-4463-B010-CC0456E043E5}.Ad-Hoc|x64.Deploy.0 = Release|x64
		{ADBBD971-7727-4463-B010-CC0456E043E5}.Ad-Hoc|x86.ActiveCfg = Release|x86
		{ADBBD971-7727-4463-B010-CC0456E043E5}.Ad-Hoc|x86.Build.0 = Release|x86
		{ADBBD971-7727-4463-B010-CC0456E043E5}.Ad-Hoc|x86.Deploy.0 = Release|x86
		{ADBBD971-7727-4463-B010-CC0456E043E5}.AppStore|Any CPU.ActiveCfg = Release|x86
		{ADBBD971-7727-4463-B010-CC0456E043E5}.AppStore|Any CPU.Build.0 = Release|x86
		{ADBBD971-7727-4463-B010-CC0456E043E5}.AppStore|Any CPU.Deploy.0 = Release|x86
		{ADBBD971-7727-4463-B010-CC0456E043E5}.AppStore|ARM.ActiveCfg = Release|ARM
		{ADBBD971-7727-4463-B010-CC0456E043E5}.AppStore|ARM.Build.0 = Release|ARM
		{ADBBD971-7727-4463-B010-CC0456E043E5}.AppStore|ARM.Deploy.0 = Release|ARM
		{ADBBD971-7727-4463-B010-CC0456E043E5}.AppStore|iPhone.ActiveCfg = Release|x86
		{ADBBD971-7727-4463-B010-CC0456E043E5}.AppStore|iPhone.Build.0 = Release|x86
		{ADBBD971-7727-4463-B010-CC0456E043E5}.AppStore|iPhone.Deploy.0 = Release|x86
		{ADBBD971-7727-4463-B010-CC0456E043E5}.AppStore|iPhoneSimulator.ActiveCfg = Release|x86
		{ADBBD971-7727-4463-B010-CC0456E043E5}.AppStore|iPhoneSimulator.Build.0 = Release|x86
		{ADBBD971-7727-4463-B010-CC0456E043E5}.AppStore|iPhoneSimulator.Deploy.0 = Release|x86
		{ADBBD971-7727-4463-B010-CC0456E043E5}.AppStore|x64.ActiveCfg = Release|x64
		{ADBBD971-7727-4463-B010-CC0456E043E5}.AppStore|x64.Build.0 = Release|x64
		{ADBBD971-7727-4463-B010-CC0456E043E5}.AppStore|x64.Deploy.0 = Release|x64
		{ADBBD971-7727-4463-B010-CC0456E043E5}.AppStore|x86.ActiveCfg = Release|x86
		{ADBBD971-7727-4463-B010-CC0456E043E5}.AppStore|x86.Build.0 = Release|x86
		{ADBBD971-7727-4463-B010-CC0456E043E5}.AppStore|x86.Deploy.0 = Release|x86
		{ADBBD971-7727-4463-B010-CC0456E043E5}.Debug|Any CPU.ActiveCfg = Debug|x86
		{ADBBD971-7727-4463-B010-CC0456E043E5}.Debug|ARM.ActiveCfg = Debug|ARM
		{ADBBD971-7727-4463-B010-CC0456E043E5}.Debug|ARM.Build.0 = Debug|ARM
		{ADBBD971-7727-4463-B010-CC0456E043E5}.Debug|ARM.Deploy.0 = Debug|ARM
		{ADBBD971-7727-4463-B010-CC0456E043E5}.Debug|iPhone.ActiveCfg = Debug|x86
		{ADBBD971-7727-4463-B010-CC0456E043E5}.Debug|iPhoneSimulator.ActiveCfg = Debug|x86
		{ADBBD971-7727-4463-B010-CC0456E043E5}.Debug|x64.ActiveCfg = Debug|x64
		{ADBBD971-7727-4463-B010-CC0456E043E5}.Debug|x64.Build.0 = Debug|x64
		{ADBBD971-7727-4463-B010-CC0456E043E5}.Debug|x64.Deploy.0 = Debug|x64
		{ADBBD971-7727-4463-B010-CC0456E043E5}.Debug|x86.ActiveCfg = Debug|x86
		{ADBBD971-7727-4463-B010-CC0456E043E5}.Debug|x86.Build.0 = Debug|x86
		{ADBBD971-7727-4463-B010-CC0456E043E5}.Debug|x86.Deploy.0 = Debug|x86
		{ADBBD971-7727-4463-B010-CC0456E043E5}.Release|Any CPU.ActiveCfg = Release|x86
		{ADBBD971-7727-4463-B010-CC0456E043E5}.Release|ARM.ActiveCfg = Release|ARM
		{ADBBD971-7727-4463-B010-CC0456E043E5}.Release|ARM.Build.0 = Release|ARM
		{ADBBD971-7727-4463-B010-CC0456E043E5}.Release|ARM.Deploy.0 = Release|ARM
		{ADBBD971-7727-4463-B010-CC0456E043E5}.Release|iPhone.ActiveCfg = Release|x86
		{ADBBD971-7727-4463-B010-CC0456E043E5}.Release|iPhoneSimulator.ActiveCfg = Release|x86
		{ADBBD971-7727-4463-B010-CC0456E043E5}.Release|x64.ActiveCfg = Release|x64
		{ADBBD971-7727-4463-B010-CC0456E043E5}.Release|x64.Build.0 = Release|x64
		{ADBBD971-7727-4463-B010-CC0456E043E5}.Release|x64.Deploy.0 = Release|x64
		{ADBBD971-7727-4463-B010-CC0456E043E5}.Release|x86.ActiveCfg = Release|x86
		{ADBBD971-7727-4463-B010-CC0456E043E5}.Release|x86.Build.0 = Release|x86
		{ADBBD971-7727-4463-B010-CC0456E043E5}.Release|x86.Deploy.0 = Release|x86
		{FD350577-F618-4A65-A625-868E1A31DD05}.Ad-Hoc|Any CPU.ActiveCfg = Release|Any CPU
		{FD350577-F618-4A65-A625-868E1A31DD05}.Ad-Hoc|Any CPU.Build.0 = Release|Any CPU
		{FD350577-F618-4A65-A625-868E1A31DD05}.Ad-Hoc|Any CPU.Deploy.0 = Release|Any CPU
		{FD350577-F618-4A65-A625-868E1A31DD05}.Ad-Hoc|ARM.ActiveCfg = Release|ARM
		{FD350577-F618-4A65-A625-868E1A31DD05}.Ad-Hoc|ARM.Build.0 = Release|ARM
		{FD350577-F618-4A65-A625-868E1A31DD05}.Ad-Hoc|ARM.Deploy.0 = Release|ARM
		{FD350577-F618-4A65-A625-868E1A31DD05}.Ad-Hoc|iPhone.ActiveCfg = Release|Any CPU
		{FD350577-F618-4A65-A625-868E1A31DD05}.Ad-Hoc|iPhone.Build.0 = Release|Any CPU
		{FD350577-F618-4A65-A625-868E1A31DD05}.Ad-Hoc|iPhone.Deploy.0 = Release|Any CPU
		{FD350577-F618-4A65-A625-868E1A31DD05}.Ad-Hoc|iPhoneSimulator.ActiveCfg = Release|Any CPU
		{FD350577-F618-4A65-A625-868E1A31DD05}.Ad-Hoc|iPhoneSimulator.Build.0 = Release|Any CPU
		{FD350577-F618-4A65-A625-868E1A31DD05}.Ad-Hoc|iPhoneSimulator.Deploy.0 = Release|Any CPU
		{FD350577-F618-4A65-A625-868E1A31DD05}.Ad-Hoc|x64.ActiveCfg = Release|x64
		{FD350577-F618-4A65-A625-868E1A31DD05}.Ad-Hoc|x64.Build.0 = Release|x64
		{FD350577-F618-4A65-A625-868E1A31DD05}.Ad-Hoc|x64.Deploy.0 = Release|x64
		{FD350577-F618-4A65-A625-868E1A31DD05}.Ad-Hoc|x86.ActiveCfg = Release|x86
		{FD350577-F618-4A65-A625-868E1A31DD05}.Ad-Hoc|x86.Build.0 = Release|x86
		{FD350577-F618-4A65-A625-868E1A31DD05}.Ad-Hoc|x86.Deploy.0 = Release|x86
		{FD350577-F618-4A65-A625-868E1A31DD05}.AppStore|Any CPU.ActiveCfg = Release|Any CPU
		{FD350577-F618-4A65-A625-868E1A31DD05}.AppStore|Any CPU.Build.0 = Release|Any CPU
		{FD350577-F618-4A65-A625-868E1A31DD05}.AppStore|Any CPU.Deploy.0 = Release|Any CPU
		{FD350577-F618-4A65-A625-868E1A31DD05}.AppStore|ARM.ActiveCfg = Release|ARM
		{FD350577-F618-4A65-A625-868E1A31DD05}.AppStore|ARM.Build.0 = Release|ARM
		{FD350577-F618-4A65-A625-868E1A31DD05}.AppStore|ARM.Deploy.0 = Release|ARM
		{FD350577-F618-4A65-A625-868E1A31DD05}.AppStore|iPhone.ActiveCfg = Release|Any CPU
		{FD350577-F618-4A65-A625-868E1A31DD05}.AppStore|iPhone.Build.0 = Release|Any CPU
		{FD350577-F618-4A65-A625-868E1A31DD05}.AppStore|iPhone.Deploy.0 = Release|Any CPU
		{FD350577-F618-4A65-A625-868E1A31DD05}.AppStore|iPhoneSimulator.ActiveCfg = Release|Any CPU
		{FD350577-F618-4A65-A625-868E1A31DD05}.AppStore|iPhoneSimulator.Build.0 = Release|Any CPU
		{FD350577-F618-4A65-A625-868E1A31DD05}.AppStore|iPhoneSimulator.Deploy.0 = Release|Any CPU
		{FD350577-F618-4A65-A625-868E1A31DD05}.AppStore|x64.ActiveCfg = Release|x64
		{FD350577-F618-4A65-A625-868E1A31DD05}.AppStore|x64.Build.0 = Release|x64
		{FD350577-F618-4A65-A625-868E1A31DD05}.AppStore|x64.Deploy.0 = Release|x64
		{FD350577-F618-4A65-A625-868E1A31DD05}.AppStore|x86.ActiveCfg = Release|x86
		{FD350577-F618-4A65-A625-868E1A31DD05}.AppStore|x86.Build.0 = Release|x86
		{FD350577-F618-4A65-A625-868E1A31DD05}.AppStore|x86.Deploy.0 = Release|x86
		{FD350577-F618-4A65-A625-868E1A31DD05}.Debug|Any CPU.ActiveCfg = Debug|Any CPU
		{FD350577-F618-4A65-A625-868E1A31DD05}.Debug|Any CPU.Build.0 = Debug|Any CPU
		{FD350577-F618-4A65-A625-868E1A31DD05}.Debug|Any CPU.Deploy.0 = Debug|Any CPU
		{FD350577-F618-4A65-A625-868E1A31DD05}.Debug|ARM.ActiveCfg = Debug|ARM
		{FD350577-F618-4A65-A625-868E1A31DD05}.Debug|ARM.Build.0 = Debug|ARM
		{FD350577-F618-4A65-A625-868E1A31DD05}.Debug|ARM.Deploy.0 = Debug|ARM
		{FD350577-F618-4A65-A625-868E1A31DD05}.Debug|iPhone.ActiveCfg = Debug|Any CPU
		{FD350577-F618-4A65-A625-868E1A31DD05}.Debug|iPhone.Build.0 = Debug|Any CPU
		{FD350577-F618-4A65-A625-868E1A31DD05}.Debug|iPhone.Deploy.0 = Debug|Any CPU
		{FD350577-F618-4A65-A625-868E1A31DD05}.Debug|iPhoneSimulator.ActiveCfg = Debug|Any CPU
		{FD350577-F618-4A65-A625-868E1A31DD05}.Debug|iPhoneSimulator.Build.0 = Debug|Any CPU
		{FD350577-F618-4A65-A625-868E1A31DD05}.Debug|iPhoneSimulator.Deploy.0 = Debug|Any CPU
		{FD350577-F618-4A65-A625-868E1A31DD05}.Debug|x64.ActiveCfg = Debug|x64
		{FD350577-F618-4A65-A625-868E1A31DD05}.Debug|x64.Build.0 = Debug|x64
		{FD350577-F618-4A65-A625-868E1A31DD05}.Debug|x64.Deploy.0 = Debug|x64
		{FD350577-F618-4A65-A625-868E1A31DD05}.Debug|x86.ActiveCfg = Debug|x86
		{FD350577-F618-4A65-A625-868E1A31DD05}.Debug|x86.Build.0 = Debug|x86
		{FD350577-F618-4A65-A625-868E1A31DD05}.Debug|x86.Deploy.0 = Debug|x86
		{FD350577-F618-4A65-A625-868E1A31DD05}.Release|Any CPU.ActiveCfg = Release|Any CPU
		{FD350577-F618-4A65-A625-868E1A31DD05}.Release|Any CPU.Build.0 = Release|Any CPU
		{FD350577-F618-4A65-A625-868E1A31DD05}.Release|Any CPU.Deploy.0 = Release|Any CPU
		{FD350577-F618-4A65-A625-868E1A31DD05}.Release|ARM.ActiveCfg = Release|ARM
		{FD350577-F618-4A65-A625-868E1A31DD05}.Release|ARM.Build.0 = Release|ARM
		{FD350577-F618-4A65-A625-868E1A31DD05}.Release|ARM.Deploy.0 = Release|ARM
		{FD350577-F618-4A65-A625-868E1A31DD05}.Release|iPhone.ActiveCfg = Release|Any CPU
		{FD350577-F618-4A65-A625-868E1A31DD05}.Release|iPhone.Build.0 = Release|Any CPU
		{FD350577-F618-4A65-A625-868E1A31DD05}.Release|iPhone.Deploy.0 = Release|Any CPU
		{FD350577-F618-4A65-A625-868E1A31DD05}.Release|iPhoneSimulator.ActiveCfg = Release|Any CPU
		{FD350577-F618-4A65-A625-868E1A31DD05}.Release|iPhoneSimulator.Build.0 = Release|Any CPU
		{FD350577-F618-4A65-A625-868E1A31DD05}.Release|iPhoneSimulator.Deploy.0 = Release|Any CPU
		{FD350577-F618-4A65-A625-868E1A31DD05}.Release|x64.ActiveCfg = Release|x64
		{FD350577-F618-4A65-A625-868E1A31DD05}.Release|x64.Build.0 = Release|x64
		{FD350577-F618-4A65-A625-868E1A31DD05}.Release|x64.Deploy.0 = Release|x64
		{FD350577-F618-4A65-A625-868E1A31DD05}.Release|x86.ActiveCfg = Release|x86
		{FD350577-F618-4A65-A625-868E1A31DD05}.Release|x86.Build.0 = Release|x86
		{FD350577-F618-4A65-A625-868E1A31DD05}.Release|x86.Deploy.0 = Release|x86
	EndGlobalSection
	GlobalSection(SolutionProperties) = preSolution
		HideSolutionNode = FALSE
	EndGlobalSection
EndGlobal
